{
  "object": {
    "pins": [
      {
        "package": "libaom",
        "repositoryURL": "https://github.com/op06072/libaom-Xcode.git",
        "state": {
          "branch": "aomV3",
          "revision": "b28a55784d3eea0d8236f921494fe5e4dcfdaa35",
          "version": null
        }
      },
      {
        "package": "libvmaf",
        "repositoryURL": "https://github.com/SDWebImage/libvmaf-Xcode.git",
        "state": {
          "branch": null,
          "revision": "9b116c9bd6e292a5564119915ba4a074085ea979",
          "version": "2.3.0"
        }
      },
      {
        "package": "libyuv",
        "repositoryURL": "https://github.com/awxkee/libyuv.swift.git",
        "state": {
          "branch": null,
          "revision": "810842f196c65b77a39c2f32080225166b0e8f87",
          "version": "1.1.0"
        }
      }
    ]
  },
  "version": 1
}
